
Microsoft Visual Studio Solution File, Format Version 12.00
# Visual Studio Version 17
VisualStudioVersion = 17.13.35913.81
MinimumVisualStudioVersion = 10.0.40219.1
Project("{2150E333-8FDC-42A3-9474-1A3956D46DE8}") = "MockApis", "MockApis", "{02EA681E-C7D8-13C7-8484-4AC65E1B71E8}"
EndProject
Project("{2150E333-8FDC-42A3-9474-1A3956D46DE8}") = "ExchangeRateOffers", "ExchangeRateOffers", "{F35F2996-109D-4375-B044-5C5004858DF1}"
EndProject
Project("{2150E333-8FDC-42A3-9474-1A3956D46DE8}") = "Source", "Source", "{4DC1914D-DE7D-45F7-9ACF-973F43621EF3}"
EndProject
Project("{FAE04EC0-301F-11D3-BF4B-00C04F79EFBC}") = "ExchangeRateOffers.Presentation.Api", "ExchangeRateOffers.Presentation.Api\ExchangeRateOffers.Presentation.Api.csproj", "{C4BED18C-3E30-429D-8858-355F3F55EA1D}"
EndProject
Project("{FAE04EC0-301F-11D3-BF4B-00C04F79EFBC}") = "ExchangeRateOffers.Mock1", "ExchangeRateOffers.Mock1\ExchangeRateOffers.Mock1.csproj", "{B65E5E8C-6D72-40EE-B45C-8FF349EDF85B}"
EndProject
Project("{FAE04EC0-301F-11D3-BF4B-00C04F79EFBC}") = "ExchangeRateOffers.Mock2", "ExchangeRateOffers.Mock2\ExchangeRateOffers.Mock2.csproj", "{510F02A8-FEFE-4F90-9E29-F3DCFB5E2BC8}"
EndProject
Project("{FAE04EC0-301F-11D3-BF4B-00C04F79EFBC}") = "ExchangeRateOffers.Mock3", "ExchangeRateOffers.Mock3\ExchangeRateOffers.Mock3.csproj", "{6149F7DC-E7FA-4A71-9F0D-07E6B063C985}"
EndProject
Global
	GlobalSection(SolutionConfigurationPlatforms) = preSolution
		Debug|Any CPU = Debug|Any CPU
		Release|Any CPU = Release|Any CPU
	EndGlobalSection
	GlobalSection(ProjectConfigurationPlatforms) = postSolution
		{C4BED18C-3E30-429D-8858-355F3F55EA1D}.Debug|Any CPU.ActiveCfg = Debug|Any CPU
		{C4BED18C-3E30-429D-8858-355F3F55EA1D}.Debug|Any CPU.Build.0 = Debug|Any CPU
		{C4BED18C-3E30-429D-8858-355F3F55EA1D}.Release|Any CPU.ActiveCfg = Release|Any CPU
		{C4BED18C-3E30-429D-8858-355F3F55EA1D}.Release|Any CPU.Build.0 = Release|Any CPU
		{B65E5E8C-6D72-40EE-B45C-8FF349EDF85B}.Debug|Any CPU.ActiveCfg = Debug|Any CPU
		{B65E5E8C-6D72-40EE-B45C-8FF349EDF85B}.Debug|Any CPU.Build.0 = Debug|Any CPU
		{B65E5E8C-6D72-40EE-B45C-8FF349EDF85B}.Release|Any CPU.ActiveCfg = Release|Any CPU
		{B65E5E8C-6D72-40EE-B45C-8FF349EDF85B}.Release|Any CPU.Build.0 = Release|Any CPU
		{510F02A8-FEFE-4F90-9E29-F3DCFB5E2BC8}.Debug|Any CPU.ActiveCfg = Debug|Any CPU
		{510F02A8-FEFE-4F90-9E29-F3DCFB5E2BC8}.Debug|Any CPU.Build.0 = Debug|Any CPU
		{510F02A8-FEFE-4F90-9E29-F3DCFB5E2BC8}.Release|Any CPU.ActiveCfg = Release|Any CPU
		{510F02A8-FEFE-4F90-9E29-F3DCFB5E2BC8}.Release|Any CPU.Build.0 = Release|Any CPU
		{6149F7DC-E7FA-4A71-9F0D-07E6B063C985}.Debug|Any CPU.ActiveCfg = Debug|Any CPU
		{6149F7DC-E7FA-4A71-9F0D-07E6B063C985}.Debug|Any CPU.Build.0 = Debug|Any CPU
		{6149F7DC-E7FA-4A71-9F0D-07E6B063C985}.Release|Any CPU.ActiveCfg = Release|Any CPU
		{6149F7DC-E7FA-4A71-9F0D-07E6B063C985}.Release|Any CPU.Build.0 = Release|Any CPU
	EndGlobalSection
	GlobalSection(SolutionProperties) = preSolution
		HideSolutionNode = FALSE
	EndGlobalSection
	GlobalSection(NestedProjects) = preSolution
		{4DC1914D-DE7D-45F7-9ACF-973F43621EF3} = {F35F2996-109D-4375-B044-5C5004858DF1}
		{C4BED18C-3E30-429D-8858-355F3F55EA1D} = {4DC1914D-DE7D-45F7-9ACF-973F43621EF3}
		{B65E5E8C-6D72-40EE-B45C-8FF349EDF85B} = {02EA681E-C7D8-13C7-8484-4AC65E1B71E8}
		{510F02A8-FEFE-4F90-9E29-F3DCFB5E2BC8} = {02EA681E-C7D8-13C7-8484-4AC65E1B71E8}
		{6149F7DC-E7FA-4A71-9F0D-07E6B063C985} = {02EA681E-C7D8-13C7-8484-4AC65E1B71E8}
	EndGlobalSection
	GlobalSection(ExtensibilityGlobals) = postSolution
		SolutionGuid = {338B5075-7F05-4500-B581-37FCCEED1CF9}
	EndGlobalSection
EndGlobal
